
Microsoft Visual Studio Solution File, Format Version 12.00
# Visual Studio Version 17
VisualStudioVersion = 17.0.31717.71
MinimumVisualStudioVersion = 10.0.40219.1
Project("{FAE04EC0-301F-11D3-BF4B-00C04F79EFBC}") = "ConsoleApp20", "ConsoleApp20\ConsoleApp20.csproj", "{7FC432BB-454F-48E8-8602-A221A0A1720F}"
EndProject
Global
	GlobalSection(SolutionConfigurationPlatforms) = preSolution
		Debug|Any CPU = Debug|Any CPU
		Release|Any CPU = Release|Any CPU
	EndGlobalSection
	GlobalSection(ProjectConfigurationPlatforms) = postSolution
		{7FC432BB-454F-48E8-8602-A221A0A1720F}.Debug|Any CPU.ActiveCfg = Debug|Any CPU
		{7FC432BB-454F-48E8-8602-A221A0A1720F}.Debug|Any CPU.Build.0 = Debug|Any CPU
		{7FC432BB-454F-48E8-8602-A221A0A1720F}.Release|Any CPU.ActiveCfg = Release|Any CPU
		{7FC432BB-454F-48E8-8602-A221A0A1720F}.Release|Any CPU.Build.0 = Release|Any CPU
	EndGlobalSection
	GlobalSection(SolutionProperties) = preSolution
		HideSolutionNode = FALSE
	EndGlobalSection
	GlobalSection(ExtensibilityGlobals) = postSolution
		SolutionGuid = {AC5E8166-4D37-431D-A18B-BA42BDA8B518}
	EndGlobalSection
EndGlobal
